// !$*UTF8*$!
{
	archiveVersion = 1;
	classes = {
	};
	objectVersion = 55;
	objects = {

/* Begin PBXBuildFile section */
		23F1D4622AC41E5B0083B5CC /* LearnLanguageApp.swift in Sources */ = {isa = PBXBuildFile; fileRef = 23F1D4612AC41E5B0083B5CC /* LearnLanguageApp.swift */; };
		23F1D4642AC41E5B0083B5CC /* ContentView.swift in Sources */ = {isa = PBXBuildFile; fileRef = 23F1D4632AC41E5B0083B5CC /* ContentView.swift */; };
		23F1D4662AC41E5E0083B5CC /* Assets.xcassets in Resources */ = {isa = PBXBuildFile; fileRef = 23F1D4652AC41E5E0083B5CC /* Assets.xcassets */; };
		23F1D4692AC41E5E0083B5CC /* Preview Assets.xcassets in Resources */ = {isa = PBXBuildFile; fileRef = 23F1D4682AC41E5E0083B5CC /* Preview Assets.xcassets */; };
		23F1D4712AC420FC0083B5CC /* FavoriteView.swift in Sources */ = {isa = PBXBuildFile; fileRef = 23F1D4702AC420FC0083B5CC /* FavoriteView.swift */; };
		23F1D4732AC422270083B5CC /* FeedView.swift in Sources */ = {isa = PBXBuildFile; fileRef = 23F1D4722AC422270083B5CC /* FeedView.swift */; };
		23F1D4752AC42D4F0083B5CC /* SettingsView.swift in Sources */ = {isa = PBXBuildFile; fileRef = 23F1D4742AC42D4F0083B5CC /* SettingsView.swift */; };
		23F1D4782AC42FEE0083B5CC /* Helper.swift in Sources */ = {isa = PBXBuildFile; fileRef = 23F1D4772AC42FEE0083B5CC /* Helper.swift */; };
		23F1D47B2AC432550083B5CC /* APIManager.swift in Sources */ = {isa = PBXBuildFile; fileRef = 23F1D47A2AC432550083B5CC /* APIManager.swift */; };
		23F1D47E2AC432C70083B5CC /* Model.swift in Sources */ = {isa = PBXBuildFile; fileRef = 23F1D47D2AC432C70083B5CC /* Model.swift */; };
		23F1D4812AC436F10083B5CC /* UnitListView.swift in Sources */ = {isa = PBXBuildFile; fileRef = 23F1D4802AC436F10083B5CC /* UnitListView.swift */; };
		23F1D4832AC4378A0083B5CC /* UnitView.swift in Sources */ = {isa = PBXBuildFile; fileRef = 23F1D4822AC4378A0083B5CC /* UnitView.swift */; };
/* End PBXBuildFile section */

/* Begin PBXFileReference section */
		23F1D45E2AC41E5B0083B5CC /* LearnLanguage.app */ = {isa = PBXFileReference; explicitFileType = wrapper.application; includeInIndex = 0; path = LearnLanguage.app; sourceTree = BUILT_PRODUCTS_DIR; };
		23F1D4612AC41E5B0083B5CC /* LearnLanguageApp.swift */ = {isa = PBXFileReference; lastKnownFileType = sourcecode.swift; path = LearnLanguageApp.swift; sourceTree = "<group>"; };
		23F1D4632AC41E5B0083B5CC /* ContentView.swift */ = {isa = PBXFileReference; lastKnownFileType = sourcecode.swift; path = ContentView.swift; sourceTree = "<group>"; };
		23F1D4652AC41E5E0083B5CC /* Assets.xcassets */ = {isa = PBXFileReference; lastKnownFileType = folder.assetcatalog; path = Assets.xcassets; sourceTree = "<group>"; };
		23F1D4682AC41E5E0083B5CC /* Preview Assets.xcassets */ = {isa = PBXFileReference; lastKnownFileType = folder.assetcatalog; path = "Preview Assets.xcassets"; sourceTree = "<group>"; };
		23F1D4702AC420FC0083B5CC /* FavoriteView.swift */ = {isa = PBXFileReference; lastKnownFileType = sourcecode.swift; path = FavoriteView.swift; sourceTree = "<group>"; };
		23F1D4722AC422270083B5CC /* FeedView.swift */ = {isa = PBXFileReference; lastKnownFileType = sourcecode.swift; path = FeedView.swift; sourceTree = "<group>"; };
		23F1D4742AC42D4F0083B5CC /* SettingsView.swift */ = {isa = PBXFileReference; lastKnownFileType = sourcecode.swift; path = SettingsView.swift; sourceTree = "<group>"; };
		23F1D4772AC42FEE0083B5CC /* Helper.swift */ = {isa = PBXFileReference; lastKnownFileType = sourcecode.swift; path = Helper.swift; sourceTree = "<group>"; };
		23F1D47A2AC432550083B5CC /* APIManager.swift */ = {isa = PBXFileReference; lastKnownFileType = sourcecode.swift; path = APIManager.swift; sourceTree = "<group>"; };
		23F1D47D2AC432C70083B5CC /* Model.swift */ = {isa = PBXFileReference; lastKnownFileType = sourcecode.swift; path = Model.swift; sourceTree = "<group>"; };
		23F1D4802AC436F10083B5CC /* UnitListView.swift */ = {isa = PBXFileReference; lastKnownFileType = sourcecode.swift; path = UnitListView.swift; sourceTree = "<group>"; };
		23F1D4822AC4378A0083B5CC /* UnitView.swift */ = {isa = PBXFileReference; lastKnownFileType = sourcecode.swift; path = UnitView.swift; sourceTree = "<group>"; };
		23F1D4842AC441A80083B5CC /* Info.plist */ = {isa = PBXFileReference; lastKnownFileType = text.plist; path = Info.plist; sourceTree = "<group>"; };
/* End PBXFileReference section */

/* Begin PBXFrameworksBuildPhase section */
		23F1D45B2AC41E5B0083B5CC /* Frameworks */ = {
			isa = PBXFrameworksBuildPhase;
			buildActionMask = 2147483647;
			files = (
			);
			runOnlyForDeploymentPostprocessing = 0;
		};
/* End PBXFrameworksBuildPhase section */

/* Begin PBXGroup section */
		23F1D4552AC41E5B0083B5CC = {
			isa = PBXGroup;
			children = (
				23F1D4602AC41E5B0083B5CC /* LearnLanguage */,
				23F1D45F2AC41E5B0083B5CC /* Products */,
			);
			sourceTree = "<group>";
		};
		23F1D45F2AC41E5B0083B5CC /* Products */ = {
			isa = PBXGroup;
			children = (
				23F1D45E2AC41E5B0083B5CC /* LearnLanguage.app */,
			);
			name = Products;
			sourceTree = "<group>";
		};
		23F1D4602AC41E5B0083B5CC /* LearnLanguage */ = {
			isa = PBXGroup;
			children = (
				23F1D4842AC441A80083B5CC /* Info.plist */,
				23F1D47F2AC436DE0083B5CC /* List */,
				23F1D47C2AC432B70083B5CC /* Common */,
				23F1D4792AC432340083B5CC /* Service */,
				23F1D4762AC42FC90083B5CC /* Utils */,
				23F1D46F2AC420D70083B5CC /* View */,
				23F1D4612AC41E5B0083B5CC /* LearnLanguageApp.swift */,
				23F1D4652AC41E5E0083B5CC /* Assets.xcassets */,
				23F1D4672AC41E5E0083B5CC /* Preview Content */,
			);
			path = LearnLanguage;
			sourceTree = "<group>";
		};
		23F1D4672AC41E5E0083B5CC /* Preview Content */ = {
			isa = PBXGroup;
			children = (
				23F1D4682AC41E5E0083B5CC /* Preview Assets.xcassets */,
			);
			path = "Preview Content";
			sourceTree = "<group>";
		};
		23F1D46F2AC420D70083B5CC /* View */ = {
			isa = PBXGroup;
			children = (
				23F1D4702AC420FC0083B5CC /* FavoriteView.swift */,
				23F1D4632AC41E5B0083B5CC /* ContentView.swift */,
				23F1D4722AC422270083B5CC /* FeedView.swift */,
				23F1D4742AC42D4F0083B5CC /* SettingsView.swift */,
				23F1D4822AC4378A0083B5CC /* UnitView.swift */,
			);
			path = View;
			sourceTree = "<group>";
		};
		23F1D4762AC42FC90083B5CC /* Utils */ = {
			isa = PBXGroup;
			children = (
				23F1D4772AC42FEE0083B5CC /* Helper.swift */,
			);
			path = Utils;
			sourceTree = "<group>";
		};
		23F1D4792AC432340083B5CC /* Service */ = {
			isa = PBXGroup;
			children = (
				23F1D47A2AC432550083B5CC /* APIManager.swift */,
			);
			path = Service;
			sourceTree = "<group>";
		};
		23F1D47C2AC432B70083B5CC /* Common */ = {
			isa = PBXGroup;
			children = (
				23F1D47D2AC432C70083B5CC /* Model.swift */,
			);
			path = Common;
			sourceTree = "<group>";
		};
		23F1D47F2AC436DE0083B5CC /* List */ = {
			isa = PBXGroup;
			children = (
				23F1D4802AC436F10083B5CC /* UnitListView.swift */,
			);
			path = List;
			sourceTree = "<group>";
		};
/* End PBXGroup section */

/* Begin PBXNativeTarget section */
		23F1D45D2AC41E5B0083B5CC /* LearnLanguage */ = {
			isa = PBXNativeTarget;
			buildConfigurationList = 23F1D46C2AC41E5E0083B5CC /* Build configuration list for PBXNativeTarget "LearnLanguage" */;
			buildPhases = (
				23F1D45A2AC41E5B0083B5CC /* Sources */,
				23F1D45B2AC41E5B0083B5CC /* Frameworks */,
				23F1D45C2AC41E5B0083B5CC /* Resources */,
			);
			buildRules = (
			);
			dependencies = (
			);
			name = LearnLanguage;
			productName = LearnLanguage;
			productReference = 23F1D45E2AC41E5B0083B5CC /* LearnLanguage.app */;
			productType = "com.apple.product-type.application";
		};
/* End PBXNativeTarget section */

/* Begin PBXProject section */
		23F1D4562AC41E5B0083B5CC /* Project object */ = {
			isa = PBXProject;
			attributes = {
				BuildIndependentTargetsInParallel = 1;
				LastSwiftUpdateCheck = 1330;
				LastUpgradeCheck = 1330;
				TargetAttributes = {
					23F1D45D2AC41E5B0083B5CC = {
						CreatedOnToolsVersion = 13.3;
					};
				};
			};
			buildConfigurationList = 23F1D4592AC41E5B0083B5CC /* Build configuration list for PBXProject "LearnLanguage" */;
			compatibilityVersion = "Xcode 13.0";
			developmentRegion = en;
			hasScannedForEncodings = 0;
			knownRegions = (
				en,
				Base,
			);
			mainGroup = 23F1D4552AC41E5B0083B5CC;
			productRefGroup = 23F1D45F2AC41E5B0083B5CC /* Products */;
			projectDirPath = "";
			projectRoot = "";
			targets = (
				23F1D45D2AC41E5B0083B5CC /* LearnLanguage */,
			);
		};
/* End PBXProject section */

/* Begin PBXResourcesBuildPhase section */
		23F1D45C2AC41E5B0083B5CC /* Resources */ = {
			isa = PBXResourcesBuildPhase;
			buildActionMask = 2147483647;
			files = (
				23F1D4692AC41E5E0083B5CC /* Preview Assets.xcassets in Resources */,
				23F1D4662AC41E5E0083B5CC /* Assets.xcassets in Resources */,
			);
			runOnlyForDeploymentPostprocessing = 0;
		};
/* End PBXResourcesBuildPhase section */

/* Begin PBXSourcesBuildPhase section */
		23F1D45A2AC41E5B0083B5CC /* Sources */ = {
			isa = PBXSourcesBuildPhase;
			buildActionMask = 2147483647;
			files = (
				23F1D4752AC42D4F0083B5CC /* SettingsView.swift in Sources */,
				23F1D4732AC422270083B5CC /* FeedView.swift in Sources */,
				23F1D4832AC4378A0083B5CC /* UnitView.swift in Sources */,
				23F1D4812AC436F10083B5CC /* UnitListView.swift in Sources */,
				23F1D4642AC41E5B0083B5CC /* ContentView.swift in Sources */,
				23F1D4712AC420FC0083B5CC /* FavoriteView.swift in Sources */,
				23F1D4622AC41E5B0083B5CC /* LearnLanguageApp.swift in Sources */,
				23F1D4782AC42FEE0083B5CC /* Helper.swift in Sources */,
				23F1D47B2AC432550083B5CC /* APIManager.swift in Sources */,
				23F1D47E2AC432C70083B5CC /* Model.swift in Sources */,
			);
			runOnlyForDeploymentPostprocessing = 0;
		};
/* End PBXSourcesBuildPhase section */

/* Begin XCBuildConfiguration section */
		23F1D46A2AC41E5E0083B5CC /* Debug */ = {
			isa = XCBuildConfiguration;
			buildSettings = {
				ALWAYS_SEARCH_USER_PATHS = NO;
				CLANG_ANALYZER_NONNULL = YES;
				CLANG_ANALYZER_NUMBER_OBJECT_CONVERSION = YES_AGGRESSIVE;
				CLANG_CXX_LANGUAGE_STANDARD = "gnu++17";
				CLANG_ENABLE_MODULES = YES;
				CLANG_ENABLE_OBJC_ARC = YES;
				CLANG_ENABLE_OBJC_WEAK = YES;
				CLANG_WARN_BLOCK_CAPTURE_AUTORELEASING = YES;
				CLANG_WARN_BOOL_CONVERSION = YES;
				CLANG_WARN_COMMA = YES;
				CLANG_WARN_CONSTANT_CONVERSION = YES;
				CLANG_WARN_DEPRECATED_OBJC_IMPLEMENTATIONS = YES;
				CLANG_WARN_DIRECT_OBJC_ISA_USAGE = YES_ERROR;
				CLANG_WARN_DOCUMENTATION_COMMENTS = YES;
				CLANG_WARN_EMPTY_BODY = YES;
				CLANG_WARN_ENUM_CONVERSION = YES;
				CLANG_WARN_INFINITE_RECURSION = YES;
				CLANG_WARN_INT_CONVERSION = YES;
				CLANG_WARN_NON_LITERAL_NULL_CONVERSION = YES;
				CLANG_WARN_OBJC_IMPLICIT_RETAIN_SELF = YES;
				CLANG_WARN_OBJC_LITERAL_CONVERSION = YES;
				CLANG_WARN_OBJC_ROOT_CLASS = YES_ERROR;
				CLANG_WARN_QUOTED_INCLUDE_IN_FRAMEWORK_HEADER = YES;
				CLANG_WARN_RANGE_LOOP_ANALYSIS = YES;
				CLANG_WARN_STRICT_PROTOTYPES = YES;
				CLANG_WARN_SUSPICIOUS_MOVE = YES;
				CLANG_WARN_UNGUARDED_AVAILABILITY = YES_AGGRESSIVE;
				CLANG_WARN_UNREACHABLE_CODE = YES;
				CLANG_WARN__DUPLICATE_METHOD_MATCH = YES;
				COPY_PHASE_STRIP = NO;
				DEBUG_INFORMATION_FORMAT = dwarf;
				ENABLE_STRICT_OBJC_MSGSEND = YES;
				ENABLE_TESTABILITY = YES;
				GCC_C_LANGUAGE_STANDARD = gnu11;
				GCC_DYNAMIC_NO_PIC = NO;
				GCC_NO_COMMON_BLOCKS = YES;
				GCC_OPTIMIZATION_LEVEL = 0;
				GCC_PREPROCESSOR_DEFINITIONS = (
					"DEBUG=1",
					"$(inherited)",
				);
				GCC_WARN_64_TO_32_BIT_CONVERSION = YES;
				GCC_WARN_ABOUT_RETURN_TYPE = YES_ERROR;
				GCC_WARN_UNDECLARED_SELECTOR = YES;
				GCC_WARN_UNINITIALIZED_AUTOS = YES_AGGRESSIVE;
				GCC_WARN_UNUSED_FUNCTION = YES;
				GCC_WARN_UNUSED_VARIABLE = YES;
				IPHONEOS_DEPLOYMENT_TARGET = 15.4;
				MTL_ENABLE_DEBUG_INFO = INCLUDE_SOURCE;
				MTL_FAST_MATH = YES;
				ONLY_ACTIVE_ARCH = YES;
				SDKROOT = iphoneos;
				SWIFT_ACTIVE_COMPILATION_CONDITIONS = DEBUG;
				SWIFT_OPTIMIZATION_LEVEL = "-Onone";
			};
			name = Debug;
		};
		23F1D46B2AC41E5E0083B5CC /* Release */ = {
			isa = XCBuildConfiguration;
			buildSettings = {
				ALWAYS_SEARCH_USER_PATHS = NO;
				CLANG_ANALYZER_NONNULL = YES;
				CLANG_ANALYZER_NUMBER_OBJECT_CONVERSION = YES_AGGRESSIVE;
				CLANG_CXX_LANGUAGE_STANDARD = "gnu++17";
				CLANG_ENABLE_MODULES = YES;
				CLANG_ENABLE_OBJC_ARC = YES;
				CLANG_ENABLE_OBJC_WEAK = YES;
				CLANG_WARN_BLOCK_CAPTURE_AUTORELEASING = YES;
				CLANG_WARN_BOOL_CONVERSION = YES;
				CLANG_WARN_COMMA = YES;
				CLANG_WARN_CONSTANT_CONVERSION = YES;
				CLANG_WARN_DEPRECATED_OBJC_IMPLEMENTATIONS = YES;
				CLANG_WARN_DIRECT_OBJC_ISA_USAGE = YES_ERROR;
				CLANG_WARN_DOCUMENTATION_COMMENTS = YES;
				CLANG_WARN_EMPTY_BODY = YES;
				CLANG_WARN_ENUM_CONVERSION = YES;
				CLANG_WARN_INFINITE_RECURSION = YES;
				CLANG_WARN_INT_CONVERSION = YES;
				CLANG_WARN_NON_LITERAL_NULL_CONVERSION = YES;
				CLANG_WARN_OBJC_IMPLICIT_RETAIN_SELF = YES;
				CLANG_WARN_OBJC_LITERAL_CONVERSION = YES;
				CLANG_WARN_OBJC_ROOT_CLASS = YES_ERROR;
				CLANG_WARN_QUOTED_INCLUDE_IN_FRAMEWORK_HEADER = YES;
				CLANG_WARN_RANGE_LOOP_ANALYSIS = YES;
				CLANG_WARN_STRICT_PROTOTYPES = YES;
				CLANG_WARN_SUSPICIOUS_MOVE = YES;
				CLANG_WARN_UNGUARDED_AVAILABILITY = YES_AGGRESSIVE;
				CLANG_WARN_UNREACHABLE_CODE = YES;
				CLANG_WARN__DUPLICATE_METHOD_MATCH = YES;
				COPY_PHASE_STRIP = NO;
				DEBUG_INFORMATION_FORMAT = "dwarf-with-dsym";
				ENABLE_NS_ASSERTIONS = NO;
				ENABLE_STRICT_OBJC_MSGSEND = YES;
				GCC_C_LANGUAGE_STANDARD = gnu11;
				GCC_NO_COMMON_BLOCKS = YES;
				GCC_WARN_64_TO_32_BIT_CONVERSION = YES;
				GCC_WARN_ABOUT_RETURN_TYPE = YES_ERROR;
				GCC_WARN_UNDECLARED_SELECTOR = YES;
				GCC_WARN_UNINITIALIZED_AUTOS = YES_AGGRESSIVE;
				GCC_WARN_UNUSED_FUNCTION = YES;
				GCC_WARN_UNUSED_VARIABLE = YES;
				IPHONEOS_DEPLOYMENT_TARGET = 15.4;
				MTL_ENABLE_DEBUG_INFO = NO;
				MTL_FAST_MATH = YES;
				SDKROOT = iphoneos;
				SWIFT_COMPILATION_MODE = wholemodule;
				SWIFT_OPTIMIZATION_LEVEL = "-O";
				VALIDATE_PRODUCT = YES;
			};
			name = Release;
		};
		23F1D46D2AC41E5E0083B5CC /* Debug */ = {
			isa = XCBuildConfiguration;
			buildSettings = {
				ASSETCATALOG_COMPILER_APPICON_NAME = AppIcon;
				ASSETCATALOG_COMPILER_GLOBAL_ACCENT_COLOR_NAME = AccentColor;
				CODE_SIGN_STYLE = Automatic;
				CURRENT_PROJECT_VERSION = 1;
				DEVELOPMENT_ASSET_PATHS = "\"LearnLanguage/Preview Content\"";
				DEVELOPMENT_TEAM = AU4U3J3D69;
				ENABLE_PREVIEWS = YES;
				GENERATE_INFOPLIST_FILE = YES;
				INFOPLIST_FILE = LearnLanguage/Info.plist;
				INFOPLIST_KEY_UIApplicationSceneManifest_Generation = YES;
				INFOPLIST_KEY_UIApplicationSupportsIndirectInputEvents = YES;
				INFOPLIST_KEY_UILaunchScreen_Generation = YES;
				INFOPLIST_KEY_UISupportedInterfaceOrientations_iPad = "UIInterfaceOrientationPortrait UIInterfaceOrientationPortraitUpsideDown UIInterfaceOrientationLandscapeLeft UIInterfaceOrientationLandscapeRight";
				INFOPLIST_KEY_UISupportedInterfaceOrientations_iPhone = "UIInterfaceOrientationPortrait UIInterfaceOrientationLandscapeLeft UIInterfaceOrientationLandscapeRight";
				LD_RUNPATH_SEARCH_PATHS = (
					"$(inherited)",
					"@executable_path/Frameworks",
				);
				MARKETING_VERSION = 1.0;
				PRODUCT_BUNDLE_IDENTIFIER = com.lerarn.language.LearnLanguage;
				PRODUCT_NAME = "$(TARGET_NAME)";
				SWIFT_EMIT_LOC_STRINGS = YES;
				SWIFT_VERSION = 5.0;
				TARGETED_DEVICE_FAMILY = "1,2";
			};
			name = Debug;
		};
		23F1D46E2AC41E5E0083B5CC /* Release */ = {
			isa = XCBuildConfiguration;
			buildSettings = {
				ASSETCATALOG_COMPILER_APPICON_NAME = AppIcon;
				ASSETCATALOG_COMPILER_GLOBAL_ACCENT_COLOR_NAME = AccentColor;
				CODE_SIGN_STYLE = Automatic;
				CURRENT_PROJECT_VERSION = 1;
				DEVELOPMENT_ASSET_PATHS = "\"LearnLanguage/Preview Content\"";
				DEVELOPMENT_TEAM = AU4U3J3D69;
				ENABLE_PREVIEWS = YES;
				GENERATE_INFOPLIST_FILE = YES;
				INFOPLIST_FILE = LearnLanguage/Info.plist;
				INFOPLIST_KEY_UIApplicationSceneManifest_Generation = YES;
				INFOPLIST_KEY_UIApplicationSupportsIndirectInputEvents = YES;
				INFOPLIST_KEY_UILaunchScreen_Generation = YES;
				INFOPLIST_KEY_UISupportedInterfaceOrientations_iPad = "UIInterfaceOrientationPortrait UIInterfaceOrientationPortraitUpsideDown UIInterfaceOrientationLandscapeLeft UIInterfaceOrientationLandscapeRight";
				INFOPLIST_KEY_UISupportedInterfaceOrientations_iPhone = "UIInterfaceOrientationPortrait UIInterfaceOrientationLandscapeLeft UIInterfaceOrientationLandscapeRight";
				LD_RUNPATH_SEARCH_PATHS = (
					"$(inherited)",
					"@executable_path/Frameworks",
				);
				MARKETING_VERSION = 1.0;
				PRODUCT_BUNDLE_IDENTIFIER = com.lerarn.language.LearnLanguage;
				PRODUCT_NAME = "$(TARGET_NAME)";
				SWIFT_EMIT_LOC_STRINGS = YES;
				SWIFT_VERSION = 5.0;
				TARGETED_DEVICE_FAMILY = "1,2";
			};
			name = Release;
		};
/* End XCBuildConfiguration section */

/* Begin XCConfigurationList section */
		23F1D4592AC41E5B0083B5CC /* Build configuration list for PBXProject "LearnLanguage" */ = {
			isa = XCConfigurationList;
			buildConfigurations = (
				23F1D46A2AC41E5E0083B5CC /* Debug */,
				23F1D46B2AC41E5E0083B5CC /* Release */,
			);
			defaultConfigurationIsVisible = 0;
			defaultConfigurationName = Release;
		};
		23F1D46C2AC41E5E0083B5CC /* Build configuration list for PBXNativeTarget "LearnLanguage" */ = {
			isa = XCConfigurationList;
			buildConfigurations = (
				23F1D46D2AC41E5E0083B5CC /* Debug */,
				23F1D46E2AC41E5E0083B5CC /* Release */,
			);
			defaultConfigurationIsVisible = 0;
			defaultConfigurationName = Release;
		};
/* End XCConfigurationList section */
	};
	rootObject = 23F1D4562AC41E5B0083B5CC /* Project object */;
}
